lockfileVersion: '9.0'

settings:
  autoInstallPeers: true
  excludeLinksFromLockfile: false

importers:

  .:
    devDependencies:
      '@types/node':
        specifier: ^20.0.0
        version: 20.19.11
      oxlint:
        specifier: ^1.12.0
        version: 1.12.0
      typescript:
        specifier: ^5.0.0
        version: 5.8.3

  apps/dashboard:
    dependencies:
      lucide-react:
        specifier: ^0.414.0
        version: 0.414.0(react@19.1.1)
      react:
        specifier: ^19.1.1
        version: 19.1.1
      react-dom:
        specifier: ^19.1.1
        version: 19.1.1(react@19.1.1)
      recharts:
        specifier: ^2.12.6
        version: 2.15.4(react-dom@19.1.1(react@19.1.1))(react@19.1.1)
    devDependencies:
      '@types/react':
        specifier: ^19.1.10
        version: 19.1.11
      '@types/react-dom':
        specifier: ^19.1.7
        version: 19.1.7(@types/react@19.1.11)
      rolldown-vite:
        specifier: pkg.pr.new/rolldown@f82adc7
        version: link:pkg.pr.new/rolldown@f82adc7
      typescript:
        specifier: ~5.8.3
        version: 5.8.3

packages:

  '@babel/runtime@7.28.3':
    resolution: {integrity: sha512-9uIQ10o0WGdpP6GDhXcdOJPJuDgFtIDtN/9+ArJQ2NAfAmiuhTQdzkaTGR33v43GYS2UrSA0eX2pPPHoFVvpxA==}
    engines: {node: '>=6.9.0'}

  '@oxlint-tsgolint/darwin-arm64@0.0.4':
    resolution: {integrity: sha512-qL0zqIYdYrXl6ghTIHnhJkvyYy1eKz0P8YIEp59MjY3/zNiyk/gtyp8LkwZdqb9ezbcX9UDQhSuSO1wURJsq8g==}
    cpu: [arm64]
    os: [darwin]

  '@oxlint-tsgolint/darwin-x64@0.0.4':
    resolution: {integrity: sha512-c3nSjqmDSKzemChAEUv/zy2e9cwgkkO/7rz4Y447+8pSbeZNHi3RrNpVHdrKL/Qep4pt6nFZE+6PoczZxHNQjg==}
    cpu: [x64]
    os: [darwin]

  '@oxlint-tsgolint/linux-arm64@0.0.4':
    resolution: {integrity: sha512-P2BA54c/Ej5AGkChH1/7zMd6PwZfa+jnw8juB/JWops+BX+lbhbbBHz0cYduDBgWYjRo4e3OVJOTskqcpuMfNw==}
    cpu: [arm64]
    os: [linux]

  '@oxlint-tsgolint/linux-x64@0.0.4':
    resolution: {integrity: sha512-hbgLpnDNicPrbHOAQ9nNfLOSrUrdWANP/umR7P/cwCc1sv66eEs7bm4G3mrhRU8aXFBJmbhdNqiDSUkYYvHWJQ==}
    cpu: [x64]
    os: [linux]

  '@oxlint-tsgolint/win32-arm64@0.0.4':
    resolution: {integrity: sha512-ozKEppmwZhC5LMedClBEat6cXgBGUvxGOgsKK2ZZNE6zSScX7QbvJAOt3nWMGs8GQshHy/6ndMB33+uRloglQA==}
    cpu: [arm64]
    os: [win32]

  '@oxlint-tsgolint/win32-x64@0.0.4':
    resolution: {integrity: sha512-gLfx+qogW21QcaRKFg6ARgra7tSPqyn+Ems3FgTUyxV4OpJYn7KsQroygxOWElqv6JUobtvHBrxdB6YhlvERbQ==}
    cpu: [x64]
    os: [win32]

  '@oxlint/darwin-arm64@1.12.0':
    resolution: {integrity: sha512-Pv+Ho1uq2ny8g2P6JgQpaIUF1FHPL32DfOlZhKqmzDT3PydtFvZp/7zNyJE3BIXeTOOOG1Eg12hjZHMLsWxyNw==}
    cpu: [arm64]
    os: [darwin]

  '@oxlint/darwin-x64@1.12.0':
    resolution: {integrity: sha512-kNXPH/7jXjX4pawrEWXQHOasOdOsrYKhskA1qYwLYcv/COVSoxOSElkQtQa+KxN5zzt3F02kBdWDndLpgJLbLQ==}
    cpu: [x64]
    os: [darwin]

  '@oxlint/linux-arm64-gnu@1.12.0':
    resolution: {integrity: sha512-U7NETs02K55ZyDlgdhx4lWeFYbkUKcL+YcG+Ak70EyEt/BKIIVt4B84VdV1JzC71FErUipDYAwPJmxMREXr4Sg==}
    cpu: [arm64]
    os: [linux]

  '@oxlint/linux-arm64-musl@1.12.0':
    resolution: {integrity: sha512-e4Pb2eZu3V2BsiX4t4gyv9iJ8+KRT6bkoWM5uC9BLX7edsVchwLwL6LB2vPYusYdPPrxdjlFCg6ni+9wlw7FbQ==}
    cpu: [arm64]
    os: [linux]

  '@oxlint/linux-x64-gnu@1.12.0':
    resolution: {integrity: sha512-qJK98Dj/z7Nbm0xoz0nCCMFGy0W/kLewPzOK5QENxuUoQQ6ymt7/75rXOuTwAZJ6JFTarqfSuMAA0pka6Tmytw==}
    cpu: [x64]
    os: [linux]

  '@oxlint/linux-x64-musl@1.12.0':
    resolution: {integrity: sha512-jNeltpHc1eonSev/bWKipJ7FI6+Rc7EXh6Y7E0pm8e95sc1klFA29FFVs3FjMA6CCa+SRT0u0nnNTTAtf2QOiQ==}
    cpu: [x64]
    os: [linux]

  '@oxlint/win32-arm64@1.12.0':
    resolution: {integrity: sha512-T3fpNZJ3Q9YGgJTKc1YyvGoomSXnrV5mREz0QACE06zUzfS8EWyaYc/GN17FhHvQ4uQk/1xLgnM6FPsuLMeRhw==}
    cpu: [arm64]
    os: [win32]

  '@oxlint/win32-x64@1.12.0':
    resolution: {integrity: sha512-2eC4XQ1SMM2z7bCDG+Ifrn5GrvP6fkL0FGi4ZwDCrx6fwb1byFrXgSUNIPiqiiqBBrFRMKlXzU9zD6IjuFlUOg==}
    cpu: [x64]
    os: [win32]

  '@types/d3-array@3.2.1':
    resolution: {integrity: sha512-Y2Jn2idRrLzUfAKV2LyRImR+y4oa2AntrgID95SHJxuMUrkNXmanDSed71sRNZysveJVt1hLLemQZIady0FpEg==}

  '@types/d3-color@3.1.3':
    resolution: {integrity: sha512-iO90scth9WAbmgv7ogoq57O9YpKmFBbmoEoCHDB2xMBY0+/KVrqAaCDyCE16dUspeOvIxFFRI+0sEtqDqy2b4A==}

  '@types/d3-ease@3.0.2':
    resolution: {integrity: sha512-NcV1JjO5oDzoK26oMzbILE6HW7uVXOHLQvHshBUW4UMdZGfiY6v5BeQwh9a9tCzv+CeefZQHJt5SRgK154RtiA==}

  '@types/d3-interpolate@3.0.4':
    resolution: {integrity: sha512-mgLPETlrpVV1YRJIglr4Ez47g7Yxjl1lj7YKsiMCb27VJH9W8NVM6Bb9d8kkpG/uAQS5AmbA48q2IAolKKo1MA==}

  '@types/d3-path@3.1.1':
    resolution: {integrity: sha512-VMZBYyQvbGmWyWVea0EHs/BwLgxc+MKi1zLDCONksozI4YJMcTt8ZEuIR4Sb1MMTE8MMW49v0IwI5+b7RmfWlg==}

  '@types/d3-scale@4.0.9':
    resolution: {integrity: sha512-dLmtwB8zkAeO/juAMfnV+sItKjlsw2lKdZVVy6LRr0cBmegxSABiLEpGVmSJJ8O08i4+sGR6qQtb6WtuwJdvVw==}

  '@types/d3-shape@3.1.7':
    resolution: {integrity: sha512-VLvUQ33C+3J+8p+Daf+nYSOsjB4GXp19/S/aGo60m9h1v6XaxjiT82lKVWJCfzhtuZ3yD7i/TPeC/fuKLLOSmg==}

  '@types/d3-time@3.0.4':
    resolution: {integrity: sha512-yuzZug1nkAAaBlBBikKZTgzCeA+k1uy4ZFwWANOfKw5z5LRhV0gNA7gNkKm7HoK+HRN0wX3EkxGk0fpbWhmB7g==}

  '@types/d3-timer@3.0.2':
    resolution: {integrity: sha512-Ps3T8E8dZDam6fUyNiMkekK3XUsaUEik+idO9/YjPtfj2qruF8tFBXS7XhtE4iIXBLxhmLjP3SXpLhVf21I9Lw==}

  '@types/node@20.19.11':
    resolution: {integrity: sha512-uug3FEEGv0r+jrecvUUpbY8lLisvIjg6AAic6a2bSP5OEOLeJsDSnvhCDov7ipFFMXS3orMpzlmi0ZcuGkBbow==}

  '@types/react-dom@19.1.7':
    resolution: {integrity: sha512-i5ZzwYpqjmrKenzkoLM2Ibzt6mAsM7pxB6BCIouEVVmgiqaMj1TjaK7hnA36hbW5aZv20kx7Lw6hWzPWg0Rurw==}
    peerDependencies:
      '@types/react': ^19.0.0

  '@types/react@19.1.11':
    resolution: {integrity: sha512-lr3jdBw/BGj49Eps7EvqlUaoeA0xpj3pc0RoJkHpYaCHkVK7i28dKyImLQb3JVlqs3aYSXf7qYuWOW/fgZnTXQ==}

  clsx@2.1.1:
    resolution: {integrity: sha512-eYm0QWBtUrBWZWG0d386OGAw16Z995PiOVo2B7bjWSbHedGl5e0ZWaq65kOGgUSNesEIDkB9ISbTg/JK9dhCZA==}
    engines: {node: '>=6'}

  csstype@3.1.3:
    resolution: {integrity: sha512-M1uQkMl8rQK/szD0LNhtqxIPLpimGm8sOBwU7lLnCpSbTyY3yeU1Vc7l4KT5zT4s/yOxHH5O7tIuuLOCnLADRw==}

  d3-array@3.2.4:
    resolution: {integrity: sha512-tdQAmyA18i4J7wprpYq8ClcxZy3SC31QMeByyCFyRt7BVHdREQZ5lpzoe5mFEYZUWe+oq8HBvk9JjpibyEV4Jg==}
    engines: {node: '>=12'}

  d3-color@3.1.0:
    resolution: {integrity: sha512-zg/chbXyeBtMQ1LbD/WSoW2DpC3I0mpmPdW+ynRTj/x2DAWYrIY7qeZIHidozwV24m4iavr15lNwIwLxRmOxhA==}
    engines: {node: '>=12'}

  d3-ease@3.0.1:
    resolution: {integrity: sha512-wR/XK3D3XcLIZwpbvQwQ5fK+8Ykds1ip7A2Txe0yxncXSdq1L9skcG7blcedkOX+ZcgxGAmLX1FrRGbADwzi0w==}
    engines: {node: '>=12'}

  d3-format@3.1.0:
    resolution: {integrity: sha512-YyUI6AEuY/Wpt8KWLgZHsIU86atmikuoOmCfommt0LYHiQSPjvX2AcFc38PX0CBpr2RCyZhjex+NS/LPOv6YqA==}
    engines: {node: '>=12'}

  d3-interpolate@3.0.1:
    resolution: {integrity: sha512-3bYs1rOD33uo8aqJfKP3JWPAibgw8Zm2+L9vBKEHJ2Rg+viTR7o5Mmv5mZcieN+FRYaAOWX5SJATX6k1PWz72g==}
    engines: {node: '>=12'}

  d3-path@3.1.0:
    resolution: {integrity: sha512-p3KP5HCf/bvjBSSKuXid6Zqijx7wIfNW+J/maPs+iwR35at5JCbLUT0LzF1cnjbCHWhqzQTIN2Jpe8pRebIEFQ==}
    engines: {node: '>=12'}

  d3-scale@4.0.2:
    resolution: {integrity: sha512-GZW464g1SH7ag3Y7hXjf8RoUuAFIqklOAq3MRl4OaWabTFJY9PN/E1YklhXLh+OQ3fM9yS2nOkCoS+WLZ6kvxQ==}
    engines: {node: '>=12'}

  d3-shape@3.2.0:
    resolution: {integrity: sha512-SaLBuwGm3MOViRq2ABk3eLoxwZELpH6zhl3FbAoJ7Vm1gofKx6El1Ib5z23NUEhF9AsGl7y+dzLe5Cw2AArGTA==}
    engines: {node: '>=12'}

  d3-time-format@4.1.0:
    resolution: {integrity: sha512-dJxPBlzC7NugB2PDLwo9Q8JiTR3M3e4/XANkreKSUxF8vvXKqm1Yfq4Q5dl8budlunRVlUUaDUgFt7eA8D6NLg==}
    engines: {node: '>=12'}

  d3-time@3.1.0:
    resolution: {integrity: sha512-VqKjzBLejbSMT4IgbmVgDjpkYrNWUYJnbCGo874u7MMKIWsILRX+OpX/gTk8MqjpT1A/c6HY2dCA77ZN0lkQ2Q==}
    engines: {node: '>=12'}

  d3-timer@3.0.1:
    resolution: {integrity: sha512-ndfJ/JxxMd3nw31uyKoY2naivF+r29V+Lc0svZxe1JvvIRmi8hUsrMvdOwgS1o6uBHmiz91geQ0ylPP0aj1VUA==}
    engines: {node: '>=12'}

  decimal.js-light@2.5.1:
    resolution: {integrity: sha512-qIMFpTMZmny+MMIitAB6D7iVPEorVw6YQRWkvarTkT4tBeSLLiHzcwj6q0MmYSFCiVpiqPJTJEYIrpcPzVEIvg==}

  dom-helpers@5.2.1:
    resolution: {integrity: sha512-nRCa7CK3VTrM2NmGkIy4cbK7IZlgBE/PYMn55rrXefr5xXDP0LdtfPnblFDoVdcAfslJ7or6iqAUnx0CCGIWQA==}

  eventemitter3@4.0.7:
    resolution: {integrity: sha512-8guHBZCwKnFhYdHr2ysuRWErTwhoN2X8XELRlrRwpmfeY2jjuUN4taQMsULKUVo1K4DvZl+0pgfyoysHxvmvEw==}

  fast-equals@5.2.2:
    resolution: {integrity: sha512-V7/RktU11J3I36Nwq2JnZEM7tNm17eBJz+u25qdxBZeCKiX6BkVSZQjwWIr+IobgnZy+ag73tTZgZi7tr0LrBw==}
    engines: {node: '>=6.0.0'}

  internmap@2.0.3:
    resolution: {integrity: sha512-5Hh7Y1wQbvY5ooGgPbDaL5iYLAPzMTUrjMulskHLH6wnv/A+1q5rgEaiuqEjB+oxGXIVZs1FF+R/KPN3ZSQYYg==}
    engines: {node: '>=12'}

  js-tokens@4.0.0:
    resolution: {integrity: sha512-RdJUflcE3cUzKiMqQgsCu06FPu9UdIJO0beYbPhHN4k6apgJtifcoCtT9bcxOpYBtpD2kCM6Sbzg4CausW/PKQ==}

  lodash@4.17.21:
    resolution: {integrity: sha512-v2kDEe57lecTulaDIuNTPy3Ry4gLGJ6Z1O3vE1krgXZNrsQ+LFTGHVxVjcXPs17LhbZVGedAJv8XZ1tvj5FvSg==}

  loose-envify@1.4.0:
    resolution: {integrity: sha512-lyuxPGr/Wfhrlem2CL/UcnUc1zcqKAImBDzukY7Y5F/yQiNdko6+fRLevlw1HgMySw7f611UIY408EtxRSoK3Q==}
    hasBin: true

  lucide-react@0.414.0:
    resolution: {integrity: sha512-Krr/MHg9AWoJc52qx8hyJ64X9++JNfS1wjaJviLM1EP/68VNB7Tv0VMldLCB1aUe6Ka9QxURPhQm/eB6cqOM3A==}
    peerDependencies:
      react: ^16.5.1 || ^17.0.0 || ^18.0.0 || ^19.0.0

  object-assign@4.1.1:
    resolution: {integrity: sha512-rJgTQnkUnH1sFw8yT6VSU3zD3sWmu6sZhIseY8VX+GRu3P6F7Fu+JNDoXfklElbLJSnc3FUQHVe4cU5hj+BcUg==}
    engines: {node: '>=0.10.0'}

  oxlint-tsgolint@0.0.4:
    resolution: {integrity: sha512-KFWVP+VU3ymgK/Dtuf6iRkqjo+aN42lS1YThY6JWlNi1GQqm7wtio/kAwssqDhm8kP+CVXbgZAtu1wgsK4XeTg==}
    hasBin: true

  oxlint@1.12.0:
    resolution: {integrity: sha512-tBQ9aB00aYLlGXE21WJHnKQAI8xoi2V6Eiz/WvGV7FwU9YLYuNOurEEVbfoS5u0ODX8GLvGWj1fdHh5Rb74Kkw==}
    engines: {node: '>=8.*'}
    hasBin: true

  prop-types@15.8.1:
    resolution: {integrity: sha512-oj87CgZICdulUohogVAR7AjlC0327U4el4L6eAvOqCeudMDVU0NThNaV+b9Df4dXgSP1gXMTnPdhfe/2qDH5cg==}

  react-dom@19.1.1:
    resolution: {integrity: sha512-Dlq/5LAZgF0Gaz6yiqZCf6VCcZs1ghAJyrsu84Q/GT0gV+mCxbfmKNoGRKBYMJ8IEdGPqu49YWXD02GCknEDkw==}
    peerDependencies:
      react: ^19.1.1

  react-is@16.13.1:
    resolution: {integrity: sha512-24e6ynE2H+OKt4kqsOvNd8kBpV65zoxbA4BVsEOB3ARVWQki/DHzaUoC5KuON/BiccDaCCTZBuOcfZs70kR8bQ==}

  react-is@18.3.1:
    resolution: {integrity: sha512-/LLMVyas0ljjAtoYiPqYiL8VWXzUUdThrmU5+n20DZv+a+ClRoevUzw5JxU+Ieh5/c87ytoTBV9G1FiKfNJdmg==}

  react-smooth@4.0.4:
    resolution: {integrity: sha512-gnGKTpYwqL0Iii09gHobNolvX4Kiq4PKx6eWBCYYix+8cdw+cGo3do906l1NBPKkSWx1DghC1dlWG9L2uGd61Q==}
    peerDependencies:
      react: ^16.8.0 || ^17.0.0 || ^18.0.0 || ^19.0.0
      react-dom: ^16.8.0 || ^17.0.0 || ^18.0.0 || ^19.0.0

  react-transition-group@4.4.5:
    resolution: {integrity: sha512-pZcd1MCJoiKiBR2NRxeCRg13uCXbydPnmB4EOeRrY7480qNWO8IIgQG6zlDkm6uRMsURXPuKq0GWtiM59a5Q6g==}
    peerDependencies:
      react: '>=16.6.0'
      react-dom: '>=16.6.0'

  react@19.1.1:
    resolution: {integrity: sha512-w8nqGImo45dmMIfljjMwOGtbmC/mk4CMYhWIicdSflH91J9TyCyczcPFXJzrZ/ZXcgGRFeP6BU0BEJTw6tZdfQ==}
    engines: {node: '>=0.10.0'}

  recharts-scale@0.4.5:
    resolution: {integrity: sha512-kivNFO+0OcUNu7jQquLXAxz1FIwZj8nrj+YkOKc5694NbjCvcT6aSZiIzNzd2Kul4o4rTto8QVR9lMNtxD4G1w==}

  recharts@2.15.4:
    resolution: {integrity: sha512-UT/q6fwS3c1dHbXv2uFgYJ9BMFHu3fwnd7AYZaEQhXuYQ4hgsxLvsUXzGdKeZrW5xopzDCvuA2N41WJ88I7zIw==}
    engines: {node: '>=14'}
    peerDependencies:
      react: ^16.0.0 || ^17.0.0 || ^18.0.0 || ^19.0.0
      react-dom: ^16.0.0 || ^17.0.0 || ^18.0.0 || ^19.0.0

  scheduler@0.26.0:
    resolution: {integrity: sha512-NlHwttCI/l5gCPR3D1nNXtWABUmBwvZpEQiD4IXSbIDq8BzLIK/7Ir5gTFSGZDUu37K5cMNp0hFtzO38sC7gWA==}

  tiny-invariant@1.3.3:
    resolution: {integrity: sha512-+FbBPE1o9QAYvviau/qC5SE3caw21q3xkvWKBtja5vgqOWIHHJ3ioaq1VPfn/Szqctz2bU/oYeKd9/z5BL+PVg==}

  typescript@5.8.3:
    resolution: {integrity: sha512-p1diW6TqL9L07nNxvRMM7hMMw4c5XOo/1ibL4aAIGmSAt9slTE1Xgw5KWuof2uTOvCg9BY7ZRi+GaF+7sfgPeQ==}
    engines: {node: '>=14.17'}
    hasBin: true

  undici-types@6.21.0:
    resolution: {integrity: sha512-iwDZqg0QAGrg9Rav5H4n0M64c3mkR59cJ6wQp+7C4nI0gsmExaedaYLNO44eT4AtBBwjbTiGPMlt2Md0T9H9JQ==}

  victory-vendor@36.9.2:
    resolution: {integrity: sha512-PnpQQMuxlwYdocC8fIJqVXvkeViHYzotI+NJrCuav0ZYFoq912ZHBk3mCeuj+5/VpodOjPe1z0Fk2ihgzlXqjQ==}

snapshots:

  '@babel/runtime@7.28.3': {}

  '@oxlint-tsgolint/darwin-arm64@0.0.4':
    optional: true

  '@oxlint-tsgolint/darwin-x64@0.0.4':
    optional: true

  '@oxlint-tsgolint/linux-arm64@0.0.4':
    optional: true

  '@oxlint-tsgolint/linux-x64@0.0.4':
    optional: true

  '@oxlint-tsgolint/win32-arm64@0.0.4':
    optional: true

  '@oxlint-tsgolint/win32-x64@0.0.4':
    optional: true

  '@oxlint/darwin-arm64@1.12.0':
    optional: true

  '@oxlint/darwin-x64@1.12.0':
    optional: true

  '@oxlint/linux-arm64-gnu@1.12.0':
    optional: true

  '@oxlint/linux-arm64-musl@1.12.0':
    optional: true

  '@oxlint/linux-x64-gnu@1.12.0':
    optional: true

  '@oxlint/linux-x64-musl@1.12.0':
    optional: true

  '@oxlint/win32-arm64@1.12.0':
    optional: true

  '@oxlint/win32-x64@1.12.0':
    optional: true

  '@types/d3-array@3.2.1': {}

  '@types/d3-color@3.1.3': {}

  '@types/d3-ease@3.0.2': {}

  '@types/d3-interpolate@3.0.4':
    dependencies:
      '@types/d3-color': 3.1.3

  '@types/d3-path@3.1.1': {}

  '@types/d3-scale@4.0.9':
    dependencies:
      '@types/d3-time': 3.0.4

  '@types/d3-shape@3.1.7':
    dependencies:
      '@types/d3-path': 3.1.1

  '@types/d3-time@3.0.4': {}

  '@types/d3-timer@3.0.2': {}

  '@types/node@20.19.11':
    dependencies:
      undici-types: 6.21.0

  '@types/react-dom@19.1.7(@types/react@19.1.11)':
    dependencies:
      '@types/react': 19.1.11

  '@types/react@19.1.11':
    dependencies:
      csstype: 3.1.3

  clsx@2.1.1: {}

  csstype@3.1.3: {}

  d3-array@3.2.4:
    dependencies:
      internmap: 2.0.3

  d3-color@3.1.0: {}

  d3-ease@3.0.1: {}

  d3-format@3.1.0: {}

  d3-interpolate@3.0.1:
    dependencies:
      d3-color: 3.1.0

  d3-path@3.1.0: {}

  d3-scale@4.0.2:
    dependencies:
      d3-array: 3.2.4
      d3-format: 3.1.0
      d3-interpolate: 3.0.1
      d3-time: 3.1.0
      d3-time-format: 4.1.0

  d3-shape@3.2.0:
    dependencies:
      d3-path: 3.1.0

  d3-time-format@4.1.0:
    dependencies:
      d3-time: 3.1.0

  d3-time@3.1.0:
    dependencies:
      d3-array: 3.2.4

  d3-timer@3.0.1: {}

  decimal.js-light@2.5.1: {}

  dom-helpers@5.2.1:
    dependencies:
      '@babel/runtime': 7.28.3
      csstype: 3.1.3

  eventemitter3@4.0.7: {}

  fast-equals@5.2.2: {}

  internmap@2.0.3: {}

  js-tokens@4.0.0: {}

  lodash@4.17.21: {}

  loose-envify@1.4.0:
    dependencies:
      js-tokens: 4.0.0

  lucide-react@0.414.0(react@19.1.1):
    dependencies:
      react: 19.1.1

  object-assign@4.1.1: {}

  oxlint-tsgolint@0.0.4:
    optionalDependencies:
      '@oxlint-tsgolint/darwin-arm64': 0.0.4
      '@oxlint-tsgolint/darwin-x64': 0.0.4
      '@oxlint-tsgolint/linux-arm64': 0.0.4
      '@oxlint-tsgolint/linux-x64': 0.0.4
      '@oxlint-tsgolint/win32-arm64': 0.0.4
      '@oxlint-tsgolint/win32-x64': 0.0.4
    optional: true

  oxlint@1.12.0:
    optionalDependencies:
      '@oxlint/darwin-arm64': 1.12.0
      '@oxlint/darwin-x64': 1.12.0
      '@oxlint/linux-arm64-gnu': 1.12.0
      '@oxlint/linux-arm64-musl': 1.12.0
      '@oxlint/linux-x64-gnu': 1.12.0
      '@oxlint/linux-x64-musl': 1.12.0
      '@oxlint/win32-arm64': 1.12.0
      '@oxlint/win32-x64': 1.12.0
      oxlint-tsgolint: 0.0.4

  prop-types@15.8.1:
    dependencies:
      loose-envify: 1.4.0
      object-assign: 4.1.1
      react-is: 16.13.1

  react-dom@19.1.1(react@19.1.1):
    dependencies:
      react: 19.1.1
      scheduler: 0.26.0

  react-is@16.13.1: {}

  react-is@18.3.1: {}

  react-smooth@4.0.4(react-dom@19.1.1(react@19.1.1))(react@19.1.1):
    dependencies:
      fast-equals: 5.2.2
      prop-types: 15.8.1
      react: 19.1.1
      react-dom: 19.1.1(react@19.1.1)
      react-transition-group: 4.4.5(react-dom@19.1.1(react@19.1.1))(react@19.1.1)

  react-transition-group@4.4.5(react-dom@19.1.1(react@19.1.1))(react@19.1.1):
    dependencies:
      '@babel/runtime': 7.28.3
      dom-helpers: 5.2.1
      loose-envify: 1.4.0
      prop-types: 15.8.1
      react: 19.1.1
      react-dom: 19.1.1(react@19.1.1)

  react@19.1.1: {}

  recharts-scale@0.4.5:
    dependencies:
      decimal.js-light: 2.5.1

  recharts@2.15.4(react-dom@19.1.1(react@19.1.1))(react@19.1.1):
    dependencies:
      clsx: 2.1.1
      eventemitter3: 4.0.7
      lodash: 4.17.21
      react: 19.1.1
      react-dom: 19.1.1(react@19.1.1)
      react-is: 18.3.1
      react-smooth: 4.0.4(react-dom@19.1.1(react@19.1.1))(react@19.1.1)
      recharts-scale: 0.4.5
      tiny-invariant: 1.3.3
      victory-vendor: 36.9.2

  scheduler@0.26.0: {}

  tiny-invariant@1.3.3: {}

  typescript@5.8.3: {}

  undici-types@6.21.0: {}

  victory-vendor@36.9.2:
    dependencies:
      '@types/d3-array': 3.2.1
      '@types/d3-ease': 3.0.2
      '@types/d3-interpolate': 3.0.4
      '@types/d3-scale': 4.0.9
      '@types/d3-shape': 3.1.7
      '@types/d3-time': 3.0.4
      '@types/d3-timer': 3.0.2
      d3-array: 3.2.4
      d3-ease: 3.0.1
      d3-interpolate: 3.0.1
      d3-scale: 4.0.2
      d3-shape: 3.2.0
      d3-time: 3.1.0
      d3-timer: 3.0.1
